
Microsoft Visual Studio Solution File, Format Version 12.00
# Visual Studio 15
VisualStudioVersion = 15.0.27130.2027
MinimumVisualStudioVersion = 10.0.40219.1
Project("{FAE04EC0-301F-11D3-BF4B-00C04F79EFBC}") = "A01_Thread", "A01_Thread\A01_Thread.csproj", "{CE35ACA0-E24A-44AD-A3E5-9166ECDA3871}"
EndProject
Project("{FAE04EC0-301F-11D3-BF4B-00C04F79EFBC}") = "A02_MultiThread", "A02_MultiThread\A02_MultiThread.csproj", "{45AB97A0-5960-4B16-8AB0-8F3156846A46}"
EndProject
Project("{FAE04EC0-301F-11D3-BF4B-00C04F79EFBC}") = "A03_ThreadBackground", "A04_ThreadBackground\A03_ThreadBackground.csproj", "{A74EF941-8169-47A8-8C95-E5B2E00D89F5}"
EndProject
Global
	GlobalSection(SolutionConfigurationPlatforms) = preSolution
		Debug|Any CPU = Debug|Any CPU
		Release|Any CPU = Release|Any CPU
	EndGlobalSection
	GlobalSection(ProjectConfigurationPlatforms) = postSolution
		{CE35ACA0-E24A-44AD-A3E5-9166ECDA3871}.Debug|Any CPU.ActiveCfg = Debug|Any CPU
		{CE35ACA0-E24A-44AD-A3E5-9166ECDA3871}.Debug|Any CPU.Build.0 = Debug|Any CPU
		{CE35ACA0-E24A-44AD-A3E5-9166ECDA3871}.Release|Any CPU.ActiveCfg = Release|Any CPU
		{CE35ACA0-E24A-44AD-A3E5-9166ECDA3871}.Release|Any CPU.Build.0 = Release|Any CPU
		{45AB97A0-5960-4B16-8AB0-8F3156846A46}.Debug|Any CPU.ActiveCfg = Debug|Any CPU
		{45AB97A0-5960-4B16-8AB0-8F3156846A46}.Debug|Any CPU.Build.0 = Debug|Any CPU
		{45AB97A0-5960-4B16-8AB0-8F3156846A46}.Release|Any CPU.ActiveCfg = Release|Any CPU
		{45AB97A0-5960-4B16-8AB0-8F3156846A46}.Release|Any CPU.Build.0 = Release|Any CPU
		{A74EF941-8169-47A8-8C95-E5B2E00D89F5}.Debug|Any CPU.ActiveCfg = Debug|Any CPU
		{A74EF941-8169-47A8-8C95-E5B2E00D89F5}.Debug|Any CPU.Build.0 = Debug|Any CPU
		{A74EF941-8169-47A8-8C95-E5B2E00D89F5}.Release|Any CPU.ActiveCfg = Release|Any CPU
		{A74EF941-8169-47A8-8C95-E5B2E00D89F5}.Release|Any CPU.Build.0 = Release|Any CPU
	EndGlobalSection
	GlobalSection(SolutionProperties) = preSolution
		HideSolutionNode = FALSE
	EndGlobalSection
	GlobalSection(ExtensibilityGlobals) = postSolution
		SolutionGuid = {60F41277-F883-467F-A351-AC4327C3C051}
	EndGlobalSection
EndGlobal
