
Microsoft Visual Studio Solution File, Format Version 12.00
# Visual Studio 15
VisualStudioVersion = 15.0.27130.2027
MinimumVisualStudioVersion = 10.0.40219.1
Project("{FAE04EC0-301F-11D3-BF4B-00C04F79EFBC}") = "A01_Delegates", "A01_Delegates\A01_Delegates.csproj", "{DA9C3C43-20FF-4128-9F6A-82DAA3FE6291}"
EndProject
Project("{FAE04EC0-301F-11D3-BF4B-00C04F79EFBC}") = "A02_Delegates", "A02_Delegates\A02_Delegates.csproj", "{0E2AF0F3-3BBF-49CB-A89F-0F976399D7C2}"
EndProject
Project("{FAE04EC0-301F-11D3-BF4B-00C04F79EFBC}") = "A03_Events", "A03_Events\A03_Events.csproj", "{4BA01E03-1BC7-4BA7-8C64-9023E349A696}"
EndProject
Project("{FAE04EC0-301F-11D3-BF4B-00C04F79EFBC}") = "A04_DelegatesMethod", "A04_DelegatesMethod\A04_DelegatesMethod.csproj", "{E1264793-0D34-4E36-8D90-551945782674}"
EndProject
Global
	GlobalSection(SolutionConfigurationPlatforms) = preSolution
		Debug|Any CPU = Debug|Any CPU
		Release|Any CPU = Release|Any CPU
	EndGlobalSection
	GlobalSection(ProjectConfigurationPlatforms) = postSolution
		{DA9C3C43-20FF-4128-9F6A-82DAA3FE6291}.Debug|Any CPU.ActiveCfg = Debug|Any CPU
		{DA9C3C43-20FF-4128-9F6A-82DAA3FE6291}.Debug|Any CPU.Build.0 = Debug|Any CPU
		{DA9C3C43-20FF-4128-9F6A-82DAA3FE6291}.Release|Any CPU.ActiveCfg = Release|Any CPU
		{DA9C3C43-20FF-4128-9F6A-82DAA3FE6291}.Release|Any CPU.Build.0 = Release|Any CPU
		{0E2AF0F3-3BBF-49CB-A89F-0F976399D7C2}.Debug|Any CPU.ActiveCfg = Debug|Any CPU
		{0E2AF0F3-3BBF-49CB-A89F-0F976399D7C2}.Debug|Any CPU.Build.0 = Debug|Any CPU
		{0E2AF0F3-3BBF-49CB-A89F-0F976399D7C2}.Release|Any CPU.ActiveCfg = Release|Any CPU
		{0E2AF0F3-3BBF-49CB-A89F-0F976399D7C2}.Release|Any CPU.Build.0 = Release|Any CPU
		{4BA01E03-1BC7-4BA7-8C64-9023E349A696}.Debug|Any CPU.ActiveCfg = Debug|Any CPU
		{4BA01E03-1BC7-4BA7-8C64-9023E349A696}.Debug|Any CPU.Build.0 = Debug|Any CPU
		{4BA01E03-1BC7-4BA7-8C64-9023E349A696}.Release|Any CPU.ActiveCfg = Release|Any CPU
		{4BA01E03-1BC7-4BA7-8C64-9023E349A696}.Release|Any CPU.Build.0 = Release|Any CPU
		{E1264793-0D34-4E36-8D90-551945782674}.Debug|Any CPU.ActiveCfg = Debug|Any CPU
		{E1264793-0D34-4E36-8D90-551945782674}.Debug|Any CPU.Build.0 = Debug|Any CPU
		{E1264793-0D34-4E36-8D90-551945782674}.Release|Any CPU.ActiveCfg = Release|Any CPU
		{E1264793-0D34-4E36-8D90-551945782674}.Release|Any CPU.Build.0 = Release|Any CPU
	EndGlobalSection
	GlobalSection(SolutionProperties) = preSolution
		HideSolutionNode = FALSE
	EndGlobalSection
	GlobalSection(ExtensibilityGlobals) = postSolution
		SolutionGuid = {E675E37F-DFB4-470E-BDEA-5EAE881533E0}
	EndGlobalSection
EndGlobal
