
Microsoft Visual Studio Solution File, Format Version 12.00
# Visual Studio 15
VisualStudioVersion = 15.0.27130.2027
MinimumVisualStudioVersion = 10.0.40219.1
Project("{FAE04EC0-301F-11D3-BF4B-00C04F79EFBC}") = "A02_Var", "A02_Var\A02_Var.csproj", "{2F4CAE64-2434-4E4F-BF7F-6F5333788B9B}"
EndProject
Project("{FAE04EC0-301F-11D3-BF4B-00C04F79EFBC}") = "A03_Extensions", "A03_Extensions\A03_Extensions.csproj", "{FE1C9DA0-46A2-47EB-91B2-6C0E337E7DF4}"
EndProject
Project("{FAE04EC0-301F-11D3-BF4B-00C04F79EFBC}") = "A04_Nullable", "A04_Nullable\A04_Nullable.csproj", "{90D033B3-A270-4015-855E-79578EF6DDE2}"
EndProject
Global
	GlobalSection(SolutionConfigurationPlatforms) = preSolution
		Debug|Any CPU = Debug|Any CPU
		Release|Any CPU = Release|Any CPU
	EndGlobalSection
	GlobalSection(ProjectConfigurationPlatforms) = postSolution
		{2F4CAE64-2434-4E4F-BF7F-6F5333788B9B}.Debug|Any CPU.ActiveCfg = Debug|Any CPU
		{2F4CAE64-2434-4E4F-BF7F-6F5333788B9B}.Debug|Any CPU.Build.0 = Debug|Any CPU
		{2F4CAE64-2434-4E4F-BF7F-6F5333788B9B}.Release|Any CPU.ActiveCfg = Release|Any CPU
		{2F4CAE64-2434-4E4F-BF7F-6F5333788B9B}.Release|Any CPU.Build.0 = Release|Any CPU
		{FE1C9DA0-46A2-47EB-91B2-6C0E337E7DF4}.Debug|Any CPU.ActiveCfg = Debug|Any CPU
		{FE1C9DA0-46A2-47EB-91B2-6C0E337E7DF4}.Debug|Any CPU.Build.0 = Debug|Any CPU
		{FE1C9DA0-46A2-47EB-91B2-6C0E337E7DF4}.Release|Any CPU.ActiveCfg = Release|Any CPU
		{FE1C9DA0-46A2-47EB-91B2-6C0E337E7DF4}.Release|Any CPU.Build.0 = Release|Any CPU
		{90D033B3-A270-4015-855E-79578EF6DDE2}.Debug|Any CPU.ActiveCfg = Debug|Any CPU
		{90D033B3-A270-4015-855E-79578EF6DDE2}.Debug|Any CPU.Build.0 = Debug|Any CPU
		{90D033B3-A270-4015-855E-79578EF6DDE2}.Release|Any CPU.ActiveCfg = Release|Any CPU
		{90D033B3-A270-4015-855E-79578EF6DDE2}.Release|Any CPU.Build.0 = Release|Any CPU
	EndGlobalSection
	GlobalSection(SolutionProperties) = preSolution
		HideSolutionNode = FALSE
	EndGlobalSection
	GlobalSection(ExtensibilityGlobals) = postSolution
		SolutionGuid = {6865ADA8-0F98-4616-AB7E-87876E5DEFBD}
	EndGlobalSection
EndGlobal
